
Microsoft Visual Studio Solution File, Format Version 12.00
# Visual Studio 15
VisualStudioVersion = 15.0.27004.2006
MinimumVisualStudioVersion = 10.0.40219.1
Project("{FAE04EC0-301F-11D3-BF4B-00C04F79EFBC}") = "SimpleTcpClient", "SimpleTcpClient\SimpleTcpClient.csproj", "{F44AA814-C398-4C48-A56C-532DA9CA2568}"
EndProject
Global
	GlobalSection(SolutionConfigurationPlatforms) = preSolution
		Debug|Any CPU = Debug|Any CPU
		Release|Any CPU = Release|Any CPU
	EndGlobalSection
	GlobalSection(ProjectConfigurationPlatforms) = postSolution
		{F44AA814-C398-4C48-A56C-532DA9CA2568}.Debug|Any CPU.ActiveCfg = Debug|Any CPU
		{F44AA814-C398-4C48-A56C-532DA9CA2568}.Debug|Any CPU.Build.0 = Debug|Any CPU
		{F44AA814-C398-4C48-A56C-532DA9CA2568}.Release|Any CPU.ActiveCfg = Release|Any CPU
		{F44AA814-C398-4C48-A56C-532DA9CA2568}.Release|Any CPU.Build.0 = Release|Any CPU
	EndGlobalSection
	GlobalSection(SolutionProperties) = preSolution
		HideSolutionNode = FALSE
	EndGlobalSection
	GlobalSection(ExtensibilityGlobals) = postSolution
		SolutionGuid = {A7A13412-D88F-42D1-A020-BDE41EC1D96C}
	EndGlobalSection
EndGlobal
