
Microsoft Visual Studio Solution File, Format Version 12.00
# Visual Studio 2013
VisualStudioVersion = 12.0.21005.1
MinimumVisualStudioVersion = 10.0.40219.1
Project("{FAE04EC0-301F-11D3-BF4B-00C04F79EFBC}") = "UDMIOMaker", "UDMIOMaker\UDMIOMaker.csproj", "{DAE8E392-CEDF-4254-9E51-425C656BC30F}"
EndProject
Project("{FAE04EC0-301F-11D3-BF4B-00C04F79EFBC}") = "UDM.Common", "..\..\Module\UDM.Common\UDM.Common.csproj", "{2B0D80EB-6675-423B-9297-5788B4BAA631}"
EndProject
Project("{FAE04EC0-301F-11D3-BF4B-00C04F79EFBC}") = "UDM.Export", "..\..\Module\UDM.Export\UDM.Export\UDM.Export.csproj", "{FEF887A9-0BC0-4E29-BA17-889FF6C5E47D}"
EndProject
Project("{FAE04EC0-301F-11D3-BF4B-00C04F79EFBC}") = "UDM.General", "..\..\Module\UDM.General\UDM.General.csproj", "{2A26F0E1-8612-46C2-B1C7-CDEAC49D86CF}"
EndProject
Project("{FAE04EC0-301F-11D3-BF4B-00C04F79EFBC}") = "UDM.Log", "..\..\Module\UDM.Log\UDM.Log.csproj", "{570516DF-4D94-418C-BE1B-984173E98F65}"
EndProject
Project("{FAE04EC0-301F-11D3-BF4B-00C04F79EFBC}") = "UDM.UDL", "..\..\Module\UDM.UDLogic\UDM.UDL\UDM.UDL.csproj", "{011EED10-2118-4E11-A2C7-C561C585A26E}"
EndProject
Project("{FAE04EC0-301F-11D3-BF4B-00C04F79EFBC}") = "UDM.UDLImport", "..\..\Module\UDM.UDLogic\UDM.UDLImport\UDM.UDLImport.csproj", "{5A1DF1CE-8E70-4C36-AF5C-527C75CFCE7E}"
EndProject
Project("{54435603-DBB4-11D2-8724-00A0C9A8B90C}") = "SetupIOMaker", "SetupIOMaker\SetupIOMaker.vdproj", "{6EBE3E5C-8BED-4FF5-9D91-ABBD831283E8}"
EndProject
Project("{FAE04EC0-301F-11D3-BF4B-00C04F79EFBC}") = "UDM.Ladder", "..\..\Module\UDM.Ladder\UDM.Ladder.csproj", "{CD8C4636-ABB7-4288-BE2D-3A43C9A5B594}"
EndProject
Project("{FAE04EC0-301F-11D3-BF4B-00C04F79EFBC}") = "UDM.UI", "..\..\Module\UDM.UI\UDM.UI.csproj", "{53B5D464-3AAB-4D2E-BFFC-BE9BBE3F693C}"
EndProject
Global
	GlobalSection(SolutionConfigurationPlatforms) = preSolution
		Debug|Any CPU = Debug|Any CPU
		Debug|x64 = Debug|x64
		Debug|x86 = Debug|x86
		Release|Any CPU = Release|Any CPU
		Release|x64 = Release|x64
		Release|x86 = Release|x86
	EndGlobalSection
	GlobalSection(ProjectConfigurationPlatforms) = postSolution
		{DAE8E392-CEDF-4254-9E51-425C656BC30F}.Debug|Any CPU.ActiveCfg = Debug|Any CPU
		{DAE8E392-CEDF-4254-9E51-425C656BC30F}.Debug|Any CPU.Build.0 = Debug|Any CPU
		{DAE8E392-CEDF-4254-9E51-425C656BC30F}.Debug|x64.ActiveCfg = Debug|Any CPU
		{DAE8E392-CEDF-4254-9E51-425C656BC30F}.Debug|x86.ActiveCfg = Debug|Any CPU
		{DAE8E392-CEDF-4254-9E51-425C656BC30F}.Release|Any CPU.ActiveCfg = Release|Any CPU
		{DAE8E392-CEDF-4254-9E51-425C656BC30F}.Release|Any CPU.Build.0 = Release|Any CPU
		{DAE8E392-CEDF-4254-9E51-425C656BC30F}.Release|x64.ActiveCfg = Release|Any CPU
		{DAE8E392-CEDF-4254-9E51-425C656BC30F}.Release|x86.ActiveCfg = Release|Any CPU
		{2B0D80EB-6675-423B-9297-5788B4BAA631}.Debug|Any CPU.ActiveCfg = Debug|Any CPU
		{2B0D80EB-6675-423B-9297-5788B4BAA631}.Debug|Any CPU.Build.0 = Debug|Any CPU
		{2B0D80EB-6675-423B-9297-5788B4BAA631}.Debug|x64.ActiveCfg = Debug|Any CPU
		{2B0D80EB-6675-423B-9297-5788B4BAA631}.Debug|x86.ActiveCfg = Debug|x86
		{2B0D80EB-6675-423B-9297-5788B4BAA631}.Debug|x86.Build.0 = Debug|x86
		{2B0D80EB-6675-423B-9297-5788B4BAA631}.Release|Any CPU.ActiveCfg = Release|Any CPU
		{2B0D80EB-6675-423B-9297-5788B4BAA631}.Release|Any CPU.Build.0 = Release|Any CPU
		{2B0D80EB-6675-423B-9297-5788B4BAA631}.Release|x64.ActiveCfg = Release|Any CPU
		{2B0D80EB-6675-423B-9297-5788B4BAA631}.Release|x86.ActiveCfg = Release|x86
		{2B0D80EB-6675-423B-9297-5788B4BAA631}.Release|x86.Build.0 = Release|x86
		{FEF887A9-0BC0-4E29-BA17-889FF6C5E47D}.Debug|Any CPU.ActiveCfg = Debug|Any CPU
		{FEF887A9-0BC0-4E29-BA17-889FF6C5E47D}.Debug|Any CPU.Build.0 = Debug|Any CPU
		{FEF887A9-0BC0-4E29-BA17-889FF6C5E47D}.Debug|x64.ActiveCfg = Debug|Any CPU
		{FEF887A9-0BC0-4E29-BA17-889FF6C5E47D}.Debug|x86.ActiveCfg = Debug|x86
		{FEF887A9-0BC0-4E29-BA17-889FF6C5E47D}.Debug|x86.Build.0 = Debug|x86
		{FEF887A9-0BC0-4E29-BA17-889FF6C5E47D}.Release|Any CPU.ActiveCfg = Release|Any CPU
		{FEF887A9-0BC0-4E29-BA17-889FF6C5E47D}.Release|Any CPU.Build.0 = Release|Any CPU
		{FEF887A9-0BC0-4E29-BA17-889FF6C5E47D}.Release|x64.ActiveCfg = Release|Any CPU
		{FEF887A9-0BC0-4E29-BA17-889FF6C5E47D}.Release|x86.ActiveCfg = Release|x86
		{FEF887A9-0BC0-4E29-BA17-889FF6C5E47D}.Release|x86.Build.0 = Release|x86
		{2A26F0E1-8612-46C2-B1C7-CDEAC49D86CF}.Debug|Any CPU.ActiveCfg = Debug|Any CPU
		{2A26F0E1-8612-46C2-B1C7-CDEAC49D86CF}.Debug|Any CPU.Build.0 = Debug|Any CPU
		{2A26F0E1-8612-46C2-B1C7-CDEAC49D86CF}.Debug|x64.ActiveCfg = Debug|Any CPU
		{2A26F0E1-8612-46C2-B1C7-CDEAC49D86CF}.Debug|x86.ActiveCfg = Debug|x86
		{2A26F0E1-8612-46C2-B1C7-CDEAC49D86CF}.Debug|x86.Build.0 = Debug|x86
		{2A26F0E1-8612-46C2-B1C7-CDEAC49D86CF}.Release|Any CPU.ActiveCfg = Release|Any CPU
		{2A26F0E1-8612-46C2-B1C7-CDEAC49D86CF}.Release|Any CPU.Build.0 = Release|Any CPU
		{2A26F0E1-8612-46C2-B1C7-CDEAC49D86CF}.Release|x64.ActiveCfg = Release|Any CPU
		{2A26F0E1-8612-46C2-B1C7-CDEAC49D86CF}.Release|x86.ActiveCfg = Release|x86
		{2A26F0E1-8612-46C2-B1C7-CDEAC49D86CF}.Release|x86.Build.0 = Release|x86
		{570516DF-4D94-418C-BE1B-984173E98F65}.Debug|Any CPU.ActiveCfg = Debug|Any CPU
		{570516DF-4D94-418C-BE1B-984173E98F65}.Debug|Any CPU.Build.0 = Debug|Any CPU
		{570516DF-4D94-418C-BE1B-984173E98F65}.Debug|x64.ActiveCfg = Debug|Any CPU
		{570516DF-4D94-418C-BE1B-984173E98F65}.Debug|x86.ActiveCfg = Debug|x86
		{570516DF-4D94-418C-BE1B-984173E98F65}.Debug|x86.Build.0 = Debug|x86
		{570516DF-4D94-418C-BE1B-984173E98F65}.Release|Any CPU.ActiveCfg = Release|Any CPU
		{570516DF-4D94-418C-BE1B-984173E98F65}.Release|Any CPU.Build.0 = Release|Any CPU
		{570516DF-4D94-418C-BE1B-984173E98F65}.Release|x64.ActiveCfg = Release|Any CPU
		{570516DF-4D94-418C-BE1B-984173E98F65}.Release|x86.ActiveCfg = Release|x86
		{570516DF-4D94-418C-BE1B-984173E98F65}.Release|x86.Build.0 = Release|x86
		{011EED10-2118-4E11-A2C7-C561C585A26E}.Debug|Any CPU.ActiveCfg = Debug|Any CPU
		{011EED10-2118-4E11-A2C7-C561C585A26E}.Debug|Any CPU.Build.0 = Debug|Any CPU
		{011EED10-2118-4E11-A2C7-C561C585A26E}.Debug|x64.ActiveCfg = Debug|Any CPU
		{011EED10-2118-4E11-A2C7-C561C585A26E}.Debug|x86.ActiveCfg = Debug|Any CPU
		{011EED10-2118-4E11-A2C7-C561C585A26E}.Release|Any CPU.ActiveCfg = Release|Any CPU
		{011EED10-2118-4E11-A2C7-C561C585A26E}.Release|Any CPU.Build.0 = Release|Any CPU
		{011EED10-2118-4E11-A2C7-C561C585A26E}.Release|x64.ActiveCfg = Release|Any CPU
		{011EED10-2118-4E11-A2C7-C561C585A26E}.Release|x86.ActiveCfg = Release|Any CPU
		{5A1DF1CE-8E70-4C36-AF5C-527C75CFCE7E}.Debug|Any CPU.ActiveCfg = Debug|Any CPU
		{5A1DF1CE-8E70-4C36-AF5C-527C75CFCE7E}.Debug|Any CPU.Build.0 = Debug|Any CPU
		{5A1DF1CE-8E70-4C36-AF5C-527C75CFCE7E}.Debug|x64.ActiveCfg = Debug|Any CPU
		{5A1DF1CE-8E70-4C36-AF5C-527C75CFCE7E}.Debug|x86.ActiveCfg = Debug|Any CPU
		{5A1DF1CE-8E70-4C36-AF5C-527C75CFCE7E}.Release|Any CPU.ActiveCfg = Release|Any CPU
		{5A1DF1CE-8E70-4C36-AF5C-527C75CFCE7E}.Release|Any CPU.Build.0 = Release|Any CPU
		{5A1DF1CE-8E70-4C36-AF5C-527C75CFCE7E}.Release|x64.ActiveCfg = Release|Any CPU
		{5A1DF1CE-8E70-4C36-AF5C-527C75CFCE7E}.Release|x86.ActiveCfg = Release|Any CPU
		{6EBE3E5C-8BED-4FF5-9D91-ABBD831283E8}.Debug|Any CPU.ActiveCfg = Debug
		{6EBE3E5C-8BED-4FF5-9D91-ABBD831283E8}.Debug|x64.ActiveCfg = Debug
		{6EBE3E5C-8BED-4FF5-9D91-ABBD831283E8}.Debug|x64.Build.0 = Debug
		{6EBE3E5C-8BED-4FF5-9D91-ABBD831283E8}.Debug|x86.ActiveCfg = Debug
		{6EBE3E5C-8BED-4FF5-9D91-ABBD831283E8}.Release|Any CPU.ActiveCfg = Release
		{6EBE3E5C-8BED-4FF5-9D91-ABBD831283E8}.Release|x64.ActiveCfg = Release
		{6EBE3E5C-8BED-4FF5-9D91-ABBD831283E8}.Release|x64.Build.0 = Release
		{6EBE3E5C-8BED-4FF5-9D91-ABBD831283E8}.Release|x86.ActiveCfg = Release
		{CD8C4636-ABB7-4288-BE2D-3A43C9A5B594}.Debug|Any CPU.ActiveCfg = Debug|Any CPU
		{CD8C4636-ABB7-4288-BE2D-3A43C9A5B594}.Debug|Any CPU.Build.0 = Debug|Any CPU
		{CD8C4636-ABB7-4288-BE2D-3A43C9A5B594}.Debug|x64.ActiveCfg = Debug|Any CPU
		{CD8C4636-ABB7-4288-BE2D-3A43C9A5B594}.Debug|x86.ActiveCfg = Debug|x86
		{CD8C4636-ABB7-4288-BE2D-3A43C9A5B594}.Debug|x86.Build.0 = Debug|x86
		{CD8C4636-ABB7-4288-BE2D-3A43C9A5B594}.Release|Any CPU.ActiveCfg = Release|Any CPU
		{CD8C4636-ABB7-4288-BE2D-3A43C9A5B594}.Release|Any CPU.Build.0 = Release|Any CPU
		{CD8C4636-ABB7-4288-BE2D-3A43C9A5B594}.Release|x64.ActiveCfg = Release|Any CPU
		{CD8C4636-ABB7-4288-BE2D-3A43C9A5B594}.Release|x86.ActiveCfg = Release|x86
		{CD8C4636-ABB7-4288-BE2D-3A43C9A5B594}.Release|x86.Build.0 = Release|x86
		{53B5D464-3AAB-4D2E-BFFC-BE9BBE3F693C}.Debug|Any CPU.ActiveCfg = Debug|Any CPU
		{53B5D464-3AAB-4D2E-BFFC-BE9BBE3F693C}.Debug|Any CPU.Build.0 = Debug|Any CPU
		{53B5D464-3AAB-4D2E-BFFC-BE9BBE3F693C}.Debug|x64.ActiveCfg = Debug|x64
		{53B5D464-3AAB-4D2E-BFFC-BE9BBE3F693C}.Debug|x64.Build.0 = Debug|x64
		{53B5D464-3AAB-4D2E-BFFC-BE9BBE3F693C}.Debug|x86.ActiveCfg = Debug|x86
		{53B5D464-3AAB-4D2E-BFFC-BE9BBE3F693C}.Debug|x86.Build.0 = Debug|x86
		{53B5D464-3AAB-4D2E-BFFC-BE9BBE3F693C}.Release|Any CPU.ActiveCfg = Release|Any CPU
		{53B5D464-3AAB-4D2E-BFFC-BE9BBE3F693C}.Release|Any CPU.Build.0 = Release|Any CPU
		{53B5D464-3AAB-4D2E-BFFC-BE9BBE3F693C}.Release|x64.ActiveCfg = Release|x64
		{53B5D464-3AAB-4D2E-BFFC-BE9BBE3F693C}.Release|x64.Build.0 = Release|x64
		{53B5D464-3AAB-4D2E-BFFC-BE9BBE3F693C}.Release|x86.ActiveCfg = Release|x86
		{53B5D464-3AAB-4D2E-BFFC-BE9BBE3F693C}.Release|x86.Build.0 = Release|x86
	EndGlobalSection
	GlobalSection(SolutionProperties) = preSolution
		HideSolutionNode = FALSE
	EndGlobalSection
EndGlobal
