
Microsoft Visual Studio Solution File, Format Version 12.00
# Visual Studio 15
VisualStudioVersion = 15.0.27004.2006
MinimumVisualStudioVersion = 10.0.40219.1
Project("{FAE04EC0-301F-11D3-BF4B-00C04F79EFBC}") = "IOTLManager", "IOTLManager\IOTLManager.csproj", "{722C1B95-4322-4741-9D9C-9C25E1B23618}"
EndProject
Project("{FAE04EC0-301F-11D3-BF4B-00C04F79EFBC}") = "IOTL.Common", "..\IOTL.Common\IOTL.Common\IOTL.Common.csproj", "{64BBE205-A04F-410B-8D00-2E6466ADA985}"
EndProject
Project("{FAE04EC0-301F-11D3-BF4B-00C04F79EFBC}") = "IOTL.WCF", "..\IOTL.WCF\IOTL.WCF\IOTL.WCF.csproj", "{1C8AE191-E57F-4493-B589-2371213A175A}"
EndProject
Project("{FAE04EC0-301F-11D3-BF4B-00C04F79EFBC}") = "IOTL.SWLockLicense", "..\IOTL.SWLockLicense\IOTL.SWLockLicense\IOTL.SWLockLicense.csproj", "{F7A110AD-7D45-442D-B3F5-53D4D747A8DB}"
EndProject
Project("{2150E333-8FDC-42A3-9474-1A3956D46DE8}") = "Module", "Module", "{DD72EBCB-0359-4983-93F8-6C39EA120264}"
EndProject
Project("{2150E333-8FDC-42A3-9474-1A3956D46DE8}") = "App", "App", "{8E2C2BDC-C89B-439C-AB01-3AB5B2E42D79}"
EndProject
Project("{FAE04EC0-301F-11D3-BF4B-00C04F79EFBC}") = "IOTL.Socket", "..\IOTL.Socket\IOTL.Socket\IOTL.Socket.csproj", "{F78972A4-0264-4C97-A4A6-B7E2CC2F3700}"
EndProject
Project("{FAE04EC0-301F-11D3-BF4B-00C04F79EFBC}") = "SocketGlobal", "..\IOTL.Socket\SocketGlobal\SocketGlobal.csproj", "{6BC18475-618B-467B-803B-057C8EBA8114}"
EndProject
Project("{2150E333-8FDC-42A3-9474-1A3956D46DE8}") = "Common", "Common", "{D2A32162-C6E1-44A8-B01B-4AFD09C73575}"
EndProject
Project("{FAE04EC0-301F-11D3-BF4B-00C04F79EFBC}") = "ReferenceDllCopier", "..\IOTL.Utilities\ReferenceDllCopier\ReferenceDllCopier.csproj", "{DFC35509-2DDB-41F4-B3AC-B13CAE259BA0}"
EndProject
Project("{2150E333-8FDC-42A3-9474-1A3956D46DE8}") = "Utilities", "Utilities", "{74D26A92-3395-4C49-B1F6-86826F9CEF8D}"
EndProject
Project("{FAE04EC0-301F-11D3-BF4B-00C04F79EFBC}") = "IOTL.Utilities", "..\IOTL.Utilities\IOTL.Utilities\IOTL.Utilities.csproj", "{1EDEC009-993A-42E9-AA9A-5B0CCF9172A9}"
EndProject
Project("{FAE04EC0-301F-11D3-BF4B-00C04F79EFBC}") = "IOTL.Project", "..\IOTL.Common\IOTL.Project\IOTL.Project.csproj", "{A0714C4A-B38D-4AAE-BEE8-B26DA7861EC1}"
EndProject
Project("{54435603-DBB4-11D2-8724-00A0C9A8B90C}") = "IOTLManagerSetup", "IOTLManagerSetup\IOTLManagerSetup.vdproj", "{C6002014-EB81-4428-B192-5EFA77851362}"
EndProject
Global
	GlobalSection(SolutionConfigurationPlatforms) = preSolution
		Debug|Any CPU = Debug|Any CPU
		Release|Any CPU = Release|Any CPU
	EndGlobalSection
	GlobalSection(ProjectConfigurationPlatforms) = postSolution
		{722C1B95-4322-4741-9D9C-9C25E1B23618}.Debug|Any CPU.ActiveCfg = Debug|Any CPU
		{722C1B95-4322-4741-9D9C-9C25E1B23618}.Debug|Any CPU.Build.0 = Debug|Any CPU
		{722C1B95-4322-4741-9D9C-9C25E1B23618}.Release|Any CPU.ActiveCfg = Release|Any CPU
		{722C1B95-4322-4741-9D9C-9C25E1B23618}.Release|Any CPU.Build.0 = Release|Any CPU
		{64BBE205-A04F-410B-8D00-2E6466ADA985}.Debug|Any CPU.ActiveCfg = Debug|Any CPU
		{64BBE205-A04F-410B-8D00-2E6466ADA985}.Debug|Any CPU.Build.0 = Debug|Any CPU
		{64BBE205-A04F-410B-8D00-2E6466ADA985}.Release|Any CPU.ActiveCfg = Release|Any CPU
		{64BBE205-A04F-410B-8D00-2E6466ADA985}.Release|Any CPU.Build.0 = Release|Any CPU
		{1C8AE191-E57F-4493-B589-2371213A175A}.Debug|Any CPU.ActiveCfg = Debug|Any CPU
		{1C8AE191-E57F-4493-B589-2371213A175A}.Debug|Any CPU.Build.0 = Debug|Any CPU
		{1C8AE191-E57F-4493-B589-2371213A175A}.Release|Any CPU.ActiveCfg = Release|Any CPU
		{1C8AE191-E57F-4493-B589-2371213A175A}.Release|Any CPU.Build.0 = Release|Any CPU
		{F7A110AD-7D45-442D-B3F5-53D4D747A8DB}.Debug|Any CPU.ActiveCfg = Debug|Any CPU
		{F7A110AD-7D45-442D-B3F5-53D4D747A8DB}.Debug|Any CPU.Build.0 = Debug|Any CPU
		{F7A110AD-7D45-442D-B3F5-53D4D747A8DB}.Release|Any CPU.ActiveCfg = Release|Any CPU
		{F7A110AD-7D45-442D-B3F5-53D4D747A8DB}.Release|Any CPU.Build.0 = Release|Any CPU
		{F78972A4-0264-4C97-A4A6-B7E2CC2F3700}.Debug|Any CPU.ActiveCfg = Debug|Any CPU
		{F78972A4-0264-4C97-A4A6-B7E2CC2F3700}.Debug|Any CPU.Build.0 = Debug|Any CPU
		{F78972A4-0264-4C97-A4A6-B7E2CC2F3700}.Release|Any CPU.ActiveCfg = Release|Any CPU
		{F78972A4-0264-4C97-A4A6-B7E2CC2F3700}.Release|Any CPU.Build.0 = Release|Any CPU
		{6BC18475-618B-467B-803B-057C8EBA8114}.Debug|Any CPU.ActiveCfg = Debug|Any CPU
		{6BC18475-618B-467B-803B-057C8EBA8114}.Debug|Any CPU.Build.0 = Debug|Any CPU
		{6BC18475-618B-467B-803B-057C8EBA8114}.Release|Any CPU.ActiveCfg = Release|Any CPU
		{6BC18475-618B-467B-803B-057C8EBA8114}.Release|Any CPU.Build.0 = Release|Any CPU
		{DFC35509-2DDB-41F4-B3AC-B13CAE259BA0}.Debug|Any CPU.ActiveCfg = Debug|Any CPU
		{DFC35509-2DDB-41F4-B3AC-B13CAE259BA0}.Debug|Any CPU.Build.0 = Debug|Any CPU
		{DFC35509-2DDB-41F4-B3AC-B13CAE259BA0}.Release|Any CPU.ActiveCfg = Release|Any CPU
		{DFC35509-2DDB-41F4-B3AC-B13CAE259BA0}.Release|Any CPU.Build.0 = Release|Any CPU
		{1EDEC009-993A-42E9-AA9A-5B0CCF9172A9}.Debug|Any CPU.ActiveCfg = Debug|Any CPU
		{1EDEC009-993A-42E9-AA9A-5B0CCF9172A9}.Debug|Any CPU.Build.0 = Debug|Any CPU
		{1EDEC009-993A-42E9-AA9A-5B0CCF9172A9}.Release|Any CPU.ActiveCfg = Release|Any CPU
		{1EDEC009-993A-42E9-AA9A-5B0CCF9172A9}.Release|Any CPU.Build.0 = Release|Any CPU
		{A0714C4A-B38D-4AAE-BEE8-B26DA7861EC1}.Debug|Any CPU.ActiveCfg = Debug|Any CPU
		{A0714C4A-B38D-4AAE-BEE8-B26DA7861EC1}.Debug|Any CPU.Build.0 = Debug|Any CPU
		{A0714C4A-B38D-4AAE-BEE8-B26DA7861EC1}.Release|Any CPU.ActiveCfg = Release|Any CPU
		{A0714C4A-B38D-4AAE-BEE8-B26DA7861EC1}.Release|Any CPU.Build.0 = Release|Any CPU
		{C6002014-EB81-4428-B192-5EFA77851362}.Debug|Any CPU.ActiveCfg = Debug
		{C6002014-EB81-4428-B192-5EFA77851362}.Release|Any CPU.ActiveCfg = Release
	EndGlobalSection
	GlobalSection(SolutionProperties) = preSolution
		HideSolutionNode = FALSE
	EndGlobalSection
	GlobalSection(NestedProjects) = preSolution
		{722C1B95-4322-4741-9D9C-9C25E1B23618} = {8E2C2BDC-C89B-439C-AB01-3AB5B2E42D79}
		{64BBE205-A04F-410B-8D00-2E6466ADA985} = {D2A32162-C6E1-44A8-B01B-4AFD09C73575}
		{1C8AE191-E57F-4493-B589-2371213A175A} = {DD72EBCB-0359-4983-93F8-6C39EA120264}
		{F7A110AD-7D45-442D-B3F5-53D4D747A8DB} = {DD72EBCB-0359-4983-93F8-6C39EA120264}
		{F78972A4-0264-4C97-A4A6-B7E2CC2F3700} = {DD72EBCB-0359-4983-93F8-6C39EA120264}
		{6BC18475-618B-467B-803B-057C8EBA8114} = {DD72EBCB-0359-4983-93F8-6C39EA120264}
		{DFC35509-2DDB-41F4-B3AC-B13CAE259BA0} = {74D26A92-3395-4C49-B1F6-86826F9CEF8D}
		{1EDEC009-993A-42E9-AA9A-5B0CCF9172A9} = {74D26A92-3395-4C49-B1F6-86826F9CEF8D}
		{A0714C4A-B38D-4AAE-BEE8-B26DA7861EC1} = {D2A32162-C6E1-44A8-B01B-4AFD09C73575}
	EndGlobalSection
	GlobalSection(ExtensibilityGlobals) = postSolution
		SolutionGuid = {4DCE8477-6957-4BE0-BF3E-E1BB114AC05B}
	EndGlobalSection
EndGlobal
