
Microsoft Visual Studio Solution File, Format Version 12.00
# Visual Studio 2013
VisualStudioVersion = 12.0.40629.0
MinimumVisualStudioVersion = 10.0.40219.1
Project("{FAE04EC0-301F-11D3-BF4B-00C04F79EFBC}") = "UDM.PLCActionPattern", "PLCActionPattern\UDM.PLCActionPattern.csproj", "{45964E82-080D-424E-95D2-963895E39D6B}"
EndProject
Project("{FAE04EC0-301F-11D3-BF4B-00C04F79EFBC}") = "TestProject", "..\..\..\..\..\TEMP\동고비\TestProject\TestProject.csproj", "{ED90EB92-BB6A-4FB3-B4C5-43F7D294C9EE}"
EndProject
Global
	GlobalSection(SolutionConfigurationPlatforms) = preSolution
		Debug|Any CPU = Debug|Any CPU
		Release|Any CPU = Release|Any CPU
	EndGlobalSection
	GlobalSection(ProjectConfigurationPlatforms) = postSolution
		{45964E82-080D-424E-95D2-963895E39D6B}.Debug|Any CPU.ActiveCfg = Debug|Any CPU
		{45964E82-080D-424E-95D2-963895E39D6B}.Debug|Any CPU.Build.0 = Debug|Any CPU
		{45964E82-080D-424E-95D2-963895E39D6B}.Release|Any CPU.ActiveCfg = Release|Any CPU
		{45964E82-080D-424E-95D2-963895E39D6B}.Release|Any CPU.Build.0 = Release|Any CPU
		{ED90EB92-BB6A-4FB3-B4C5-43F7D294C9EE}.Debug|Any CPU.ActiveCfg = Debug|Any CPU
		{ED90EB92-BB6A-4FB3-B4C5-43F7D294C9EE}.Debug|Any CPU.Build.0 = Debug|Any CPU
		{ED90EB92-BB6A-4FB3-B4C5-43F7D294C9EE}.Release|Any CPU.ActiveCfg = Release|Any CPU
		{ED90EB92-BB6A-4FB3-B4C5-43F7D294C9EE}.Release|Any CPU.Build.0 = Release|Any CPU
	EndGlobalSection
	GlobalSection(SolutionProperties) = preSolution
		HideSolutionNode = FALSE
	EndGlobalSection
EndGlobal
